
Microsoft Visual Studio Solution File, Format Version 12.00
# Visual Studio Version 17
VisualStudioVersion = 17.0.31903.59
MinimumVisualStudioVersion = 10.0.40219.1
Project("{FAE04EC0-301F-11D3-BF4B-00C04F79EFBC}") = "PlanningToolkit", "PlanningToolkit\PlanningToolkit.csproj", "{F4C019C7-82F7-4904-92E3-79BC3592096D}"
EndProject
Project("{FAE04EC0-301F-11D3-BF4B-00C04F79EFBC}") = "PlanningToolkit.Test", "PlanningToolkit.Test\PlanningToolkit.Test.csproj", "{B0B3EFAD-9C7D-4DCF-80F5-5E67EC2F9B01}"
EndProject
Project("{2150E333-8FDC-42A3-9474-1A3956D46DE8}") = "Examples", "Examples", "{801145B1-51B0-4766-923E-ED3C0B122929}"
EndProject
Project("{FAE04EC0-301F-11D3-BF4B-00C04F79EFBC}") = "PlanningToolkit.Examples.Scheibenberg", "Examples\PlanningToolkit.Examples.Scheibenberg\PlanningToolkit.Examples.Scheibenberg.csproj", "{5F4B688A-45A6-433B-A402-BCAF67F95EB8}"
EndProject
Global
	GlobalSection(SolutionConfigurationPlatforms) = preSolution
		Debug|Any CPU = Debug|Any CPU
		Release|Any CPU = Release|Any CPU
	EndGlobalSection
	GlobalSection(SolutionProperties) = preSolution
		HideSolutionNode = FALSE
	EndGlobalSection
	GlobalSection(ProjectConfigurationPlatforms) = postSolution
		{F4C019C7-82F7-4904-92E3-79BC3592096D}.Debug|Any CPU.ActiveCfg = Debug|Any CPU
		{F4C019C7-82F7-4904-92E3-79BC3592096D}.Debug|Any CPU.Build.0 = Debug|Any CPU
		{F4C019C7-82F7-4904-92E3-79BC3592096D}.Release|Any CPU.ActiveCfg = Release|Any CPU
		{F4C019C7-82F7-4904-92E3-79BC3592096D}.Release|Any CPU.Build.0 = Release|Any CPU
		{B0B3EFAD-9C7D-4DCF-80F5-5E67EC2F9B01}.Debug|Any CPU.ActiveCfg = Debug|Any CPU
		{B0B3EFAD-9C7D-4DCF-80F5-5E67EC2F9B01}.Debug|Any CPU.Build.0 = Debug|Any CPU
		{B0B3EFAD-9C7D-4DCF-80F5-5E67EC2F9B01}.Release|Any CPU.ActiveCfg = Release|Any CPU
		{B0B3EFAD-9C7D-4DCF-80F5-5E67EC2F9B01}.Release|Any CPU.Build.0 = Release|Any CPU
		{5F4B688A-45A6-433B-A402-BCAF67F95EB8}.Debug|Any CPU.ActiveCfg = Debug|Any CPU
		{5F4B688A-45A6-433B-A402-BCAF67F95EB8}.Debug|Any CPU.Build.0 = Debug|Any CPU
		{5F4B688A-45A6-433B-A402-BCAF67F95EB8}.Release|Any CPU.ActiveCfg = Release|Any CPU
		{5F4B688A-45A6-433B-A402-BCAF67F95EB8}.Release|Any CPU.Build.0 = Release|Any CPU
	EndGlobalSection
	GlobalSection(NestedProjects) = preSolution
		{5F4B688A-45A6-433B-A402-BCAF67F95EB8} = {801145B1-51B0-4766-923E-ED3C0B122929}
	EndGlobalSection
EndGlobal
